
Microsoft Visual Studio Solution File, Format Version 12.00
# Visual Studio Express 2013 for Windows Desktop
VisualStudioVersion = 12.0.21005.1
MinimumVisualStudioVersion = 10.0.40219.1
Project("{8BC9CEB8-8B4A-11D0-8D11-00A0C91BC942}") = "Mvec IMG Manager", "Mvec IMG Manager\Mvec IMG Manager.vcxproj", "{0FBEC2EC-DD87-4ADD-A497-8CDF5F3E1FF2}"
	ProjectSection(ProjectDependencies) = postProject
		{05DE7014-CEAD-40D6-B1E3-9EEA9EE1A36B} = {05DE7014-CEAD-40D6-B1E3-9EEA9EE1A36B}
		{54847C21-3E72-4BC8-8B6B-BAD3955A2F76} = {54847C21-3E72-4BC8-8B6B-BAD3955A2F76}
		{F34E6E54-6E84-4A03-B05A-A239751582D7} = {F34E6E54-6E84-4A03-B05A-A239751582D7}
		{2440C069-29C2-466A-8974-374266856FDC} = {2440C069-29C2-466A-8974-374266856FDC}
		{4A85BE76-4E26-4F4C-AFA1-06022EC119D2} = {4A85BE76-4E26-4F4C-AFA1-06022EC119D2}
		{07EB2F89-0EF4-4827-9AEE-FC97BE0ADCA1} = {07EB2F89-0EF4-4827-9AEE-FC97BE0ADCA1}
		{B7B4B4A0-3742-4761-BDA9-E97FE20DDAFD} = {B7B4B4A0-3742-4761-BDA9-E97FE20DDAFD}
		{0661C6B6-9F50-43ED-BB59-1B57A2B2E072} = {0661C6B6-9F50-43ED-BB59-1B57A2B2E072}
		{351BEAE5-99CD-444B-BAD5-72BDFFEEC0F4} = {351BEAE5-99CD-444B-BAD5-72BDFFEEC0F4}
	EndProjectSection
EndProject
Project("{8BC9CEB8-8B4A-11D0-8D11-00A0C91BC942}") = "GUI Utility", "GUI Utility\GUI Utility.vcxproj", "{351BEAE5-99CD-444B-BAD5-72BDFFEEC0F4}"
	ProjectSection(ProjectDependencies) = postProject
		{07EB2F89-0EF4-4827-9AEE-FC97BE0ADCA1} = {07EB2F89-0EF4-4827-9AEE-FC97BE0ADCA1}
	EndProjectSection
EndProject
Project("{8BC9CEB8-8B4A-11D0-8D11-00A0C91BC942}") = "String Utility", "String Utility\String Utility.vcxproj", "{07EB2F89-0EF4-4827-9AEE-FC97BE0ADCA1}"
EndProject
Project("{8BC9CEB8-8B4A-11D0-8D11-00A0C91BC942}") = "Path Utility", "Path Utility\Path Utility.vcxproj", "{F34E6E54-6E84-4A03-B05A-A239751582D7}"
	ProjectSection(ProjectDependencies) = postProject
		{07EB2F89-0EF4-4827-9AEE-FC97BE0ADCA1} = {07EB2F89-0EF4-4827-9AEE-FC97BE0ADCA1}
	EndProjectSection
EndProject
Project("{8BC9CEB8-8B4A-11D0-8D11-00A0C91BC942}") = "IMG Manager", "IMG Manager\IMG Manager.vcxproj", "{0661C6B6-9F50-43ED-BB59-1B57A2B2E072}"
	ProjectSection(ProjectDependencies) = postProject
		{05DE7014-CEAD-40D6-B1E3-9EEA9EE1A36B} = {05DE7014-CEAD-40D6-B1E3-9EEA9EE1A36B}
		{54847C21-3E72-4BC8-8B6B-BAD3955A2F76} = {54847C21-3E72-4BC8-8B6B-BAD3955A2F76}
		{F34E6E54-6E84-4A03-B05A-A239751582D7} = {F34E6E54-6E84-4A03-B05A-A239751582D7}
		{CAEDCB7C-F39E-47EC-9C91-B41A5C0CE74B} = {CAEDCB7C-F39E-47EC-9C91-B41A5C0CE74B}
		{07EB2F89-0EF4-4827-9AEE-FC97BE0ADCA1} = {07EB2F89-0EF4-4827-9AEE-FC97BE0ADCA1}
		{BA539792-4934-4BA5-A077-2A471841EDFD} = {BA539792-4934-4BA5-A077-2A471841EDFD}
		{29DE10D4-BAE6-4DCB-B9C7-47C177C30369} = {29DE10D4-BAE6-4DCB-B9C7-47C177C30369}
	EndProjectSection
EndProject
Project("{8BC9CEB8-8B4A-11D0-8D11-00A0C91BC942}") = "File Parser", "File Parser\File Parser.vcxproj", "{CAEDCB7C-F39E-47EC-9C91-B41A5C0CE74B}"
	ProjectSection(ProjectDependencies) = postProject
		{05DE7014-CEAD-40D6-B1E3-9EEA9EE1A36B} = {05DE7014-CEAD-40D6-B1E3-9EEA9EE1A36B}
		{07EB2F89-0EF4-4827-9AEE-FC97BE0ADCA1} = {07EB2F89-0EF4-4827-9AEE-FC97BE0ADCA1}
		{29DE10D4-BAE6-4DCB-B9C7-47C177C30369} = {29DE10D4-BAE6-4DCB-B9C7-47C177C30369}
	EndProjectSection
EndProject
Project("{8BC9CEB8-8B4A-11D0-8D11-00A0C91BC942}") = "File Utility", "File Utility\File Utility.vcxproj", "{05DE7014-CEAD-40D6-B1E3-9EEA9EE1A36B}"
	ProjectSection(ProjectDependencies) = postProject
		{F34E6E54-6E84-4A03-B05A-A239751582D7} = {F34E6E54-6E84-4A03-B05A-A239751582D7}
	EndProjectSection
EndProject
Project("{8BC9CEB8-8B4A-11D0-8D11-00A0C91BC942}") = "Debugger", "Debugger\Debugger.vcxproj", "{29DE10D4-BAE6-4DCB-B9C7-47C177C30369}"
	ProjectSection(ProjectDependencies) = postProject
		{05DE7014-CEAD-40D6-B1E3-9EEA9EE1A36B} = {05DE7014-CEAD-40D6-B1E3-9EEA9EE1A36B}
	EndProjectSection
EndProject
Project("{8BC9CEB8-8B4A-11D0-8D11-00A0C91BC942}") = "Registry Utility", "Registry Utility\Registry Utility.vcxproj", "{2440C069-29C2-466A-8974-374266856FDC}"
EndProject
Project("{8BC9CEB8-8B4A-11D0-8D11-00A0C91BC942}") = "File Writer", "File Writer\File Writer.vcxproj", "{BA539792-4934-4BA5-A077-2A471841EDFD}"
	ProjectSection(ProjectDependencies) = postProject
		{07EB2F89-0EF4-4827-9AEE-FC97BE0ADCA1} = {07EB2F89-0EF4-4827-9AEE-FC97BE0ADCA1}
	EndProjectSection
EndProject
Project("{8BC9CEB8-8B4A-11D0-8D11-00A0C91BC942}") = "Crypto", "Crypto\Crypto.vcxproj", "{54847C21-3E72-4BC8-8B6B-BAD3955A2F76}"
EndProject
Project("{8BC9CEB8-8B4A-11D0-8D11-00A0C91BC942}") = "IDE Manager", "IDE Manager\IDE Manager.vcxproj", "{B7B4B4A0-3742-4761-BDA9-E97FE20DDAFD}"
	ProjectSection(ProjectDependencies) = postProject
		{CAEDCB7C-F39E-47EC-9C91-B41A5C0CE74B} = {CAEDCB7C-F39E-47EC-9C91-B41A5C0CE74B}
		{07EB2F89-0EF4-4827-9AEE-FC97BE0ADCA1} = {07EB2F89-0EF4-4827-9AEE-FC97BE0ADCA1}
		{BA539792-4934-4BA5-A077-2A471841EDFD} = {BA539792-4934-4BA5-A077-2A471841EDFD}
	EndProjectSection
EndProject
Project("{8BC9CEB8-8B4A-11D0-8D11-00A0C91BC942}") = "COL Manager", "COL Manager\COL Manager.vcxproj", "{4A85BE76-4E26-4F4C-AFA1-06022EC119D2}"
	ProjectSection(ProjectDependencies) = postProject
		{CAEDCB7C-F39E-47EC-9C91-B41A5C0CE74B} = {CAEDCB7C-F39E-47EC-9C91-B41A5C0CE74B}
		{07EB2F89-0EF4-4827-9AEE-FC97BE0ADCA1} = {07EB2F89-0EF4-4827-9AEE-FC97BE0ADCA1}
		{BA539792-4934-4BA5-A077-2A471841EDFD} = {BA539792-4934-4BA5-A077-2A471841EDFD}
	EndProjectSection
EndProject
Global
	GlobalSection(SolutionConfigurationPlatforms) = preSolution
		Debug|Win32 = Debug|Win32
		Release|Win32 = Release|Win32
	EndGlobalSection
	GlobalSection(ProjectConfigurationPlatforms) = postSolution
		{0FBEC2EC-DD87-4ADD-A497-8CDF5F3E1FF2}.Debug|Win32.ActiveCfg = Debug|Win32
		{0FBEC2EC-DD87-4ADD-A497-8CDF5F3E1FF2}.Debug|Win32.Build.0 = Debug|Win32
		{0FBEC2EC-DD87-4ADD-A497-8CDF5F3E1FF2}.Release|Win32.ActiveCfg = Release|Win32
		{0FBEC2EC-DD87-4ADD-A497-8CDF5F3E1FF2}.Release|Win32.Build.0 = Release|Win32
		{351BEAE5-99CD-444B-BAD5-72BDFFEEC0F4}.Debug|Win32.ActiveCfg = Debug|Win32
		{351BEAE5-99CD-444B-BAD5-72BDFFEEC0F4}.Debug|Win32.Build.0 = Debug|Win32
		{351BEAE5-99CD-444B-BAD5-72BDFFEEC0F4}.Release|Win32.ActiveCfg = Release|Win32
		{351BEAE5-99CD-444B-BAD5-72BDFFEEC0F4}.Release|Win32.Build.0 = Release|Win32
		{07EB2F89-0EF4-4827-9AEE-FC97BE0ADCA1}.Debug|Win32.ActiveCfg = Debug|Win32
		{07EB2F89-0EF4-4827-9AEE-FC97BE0ADCA1}.Debug|Win32.Build.0 = Debug|Win32
		{07EB2F89-0EF4-4827-9AEE-FC97BE0ADCA1}.Release|Win32.ActiveCfg = Release|Win32
		{07EB2F89-0EF4-4827-9AEE-FC97BE0ADCA1}.Release|Win32.Build.0 = Release|Win32
		{F34E6E54-6E84-4A03-B05A-A239751582D7}.Debug|Win32.ActiveCfg = Debug|Win32
		{F34E6E54-6E84-4A03-B05A-A239751582D7}.Debug|Win32.Build.0 = Debug|Win32
		{F34E6E54-6E84-4A03-B05A-A239751582D7}.Release|Win32.ActiveCfg = Release|Win32
		{F34E6E54-6E84-4A03-B05A-A239751582D7}.Release|Win32.Build.0 = Release|Win32
		{0661C6B6-9F50-43ED-BB59-1B57A2B2E072}.Debug|Win32.ActiveCfg = Debug|Win32
		{0661C6B6-9F50-43ED-BB59-1B57A2B2E072}.Debug|Win32.Build.0 = Debug|Win32
		{0661C6B6-9F50-43ED-BB59-1B57A2B2E072}.Release|Win32.ActiveCfg = Release|Win32
		{0661C6B6-9F50-43ED-BB59-1B57A2B2E072}.Release|Win32.Build.0 = Release|Win32
		{CAEDCB7C-F39E-47EC-9C91-B41A5C0CE74B}.Debug|Win32.ActiveCfg = Debug|Win32
		{CAEDCB7C-F39E-47EC-9C91-B41A5C0CE74B}.Debug|Win32.Build.0 = Debug|Win32
		{CAEDCB7C-F39E-47EC-9C91-B41A5C0CE74B}.Release|Win32.ActiveCfg = Release|Win32
		{CAEDCB7C-F39E-47EC-9C91-B41A5C0CE74B}.Release|Win32.Build.0 = Release|Win32
		{05DE7014-CEAD-40D6-B1E3-9EEA9EE1A36B}.Debug|Win32.ActiveCfg = Debug|Win32
		{05DE7014-CEAD-40D6-B1E3-9EEA9EE1A36B}.Debug|Win32.Build.0 = Debug|Win32
		{05DE7014-CEAD-40D6-B1E3-9EEA9EE1A36B}.Release|Win32.ActiveCfg = Release|Win32
		{05DE7014-CEAD-40D6-B1E3-9EEA9EE1A36B}.Release|Win32.Build.0 = Release|Win32
		{29DE10D4-BAE6-4DCB-B9C7-47C177C30369}.Debug|Win32.ActiveCfg = Debug|Win32
		{29DE10D4-BAE6-4DCB-B9C7-47C177C30369}.Debug|Win32.Build.0 = Debug|Win32
		{29DE10D4-BAE6-4DCB-B9C7-47C177C30369}.Release|Win32.ActiveCfg = Release|Win32
		{29DE10D4-BAE6-4DCB-B9C7-47C177C30369}.Release|Win32.Build.0 = Release|Win32
		{2440C069-29C2-466A-8974-374266856FDC}.Debug|Win32.ActiveCfg = Debug|Win32
		{2440C069-29C2-466A-8974-374266856FDC}.Debug|Win32.Build.0 = Debug|Win32
		{2440C069-29C2-466A-8974-374266856FDC}.Release|Win32.ActiveCfg = Release|Win32
		{2440C069-29C2-466A-8974-374266856FDC}.Release|Win32.Build.0 = Release|Win32
		{BA539792-4934-4BA5-A077-2A471841EDFD}.Debug|Win32.ActiveCfg = Debug|Win32
		{BA539792-4934-4BA5-A077-2A471841EDFD}.Debug|Win32.Build.0 = Debug|Win32
		{BA539792-4934-4BA5-A077-2A471841EDFD}.Release|Win32.ActiveCfg = Release|Win32
		{BA539792-4934-4BA5-A077-2A471841EDFD}.Release|Win32.Build.0 = Release|Win32
		{54847C21-3E72-4BC8-8B6B-BAD3955A2F76}.Debug|Win32.ActiveCfg = Debug|Win32
		{54847C21-3E72-4BC8-8B6B-BAD3955A2F76}.Debug|Win32.Build.0 = Debug|Win32
		{54847C21-3E72-4BC8-8B6B-BAD3955A2F76}.Release|Win32.ActiveCfg = Release|Win32
		{54847C21-3E72-4BC8-8B6B-BAD3955A2F76}.Release|Win32.Build.0 = Release|Win32
		{B7B4B4A0-3742-4761-BDA9-E97FE20DDAFD}.Debug|Win32.ActiveCfg = Debug|Win32
		{B7B4B4A0-3742-4761-BDA9-E97FE20DDAFD}.Debug|Win32.Build.0 = Debug|Win32
		{B7B4B4A0-3742-4761-BDA9-E97FE20DDAFD}.Release|Win32.ActiveCfg = Release|Win32
		{B7B4B4A0-3742-4761-BDA9-E97FE20DDAFD}.Release|Win32.Build.0 = Release|Win32
		{4A85BE76-4E26-4F4C-AFA1-06022EC119D2}.Debug|Win32.ActiveCfg = Debug|Win32
		{4A85BE76-4E26-4F4C-AFA1-06022EC119D2}.Debug|Win32.Build.0 = Debug|Win32
		{4A85BE76-4E26-4F4C-AFA1-06022EC119D2}.Release|Win32.ActiveCfg = Release|Win32
		{4A85BE76-4E26-4F4C-AFA1-06022EC119D2}.Release|Win32.Build.0 = Release|Win32
	EndGlobalSection
	GlobalSection(SolutionProperties) = preSolution
		HideSolutionNode = FALSE
	EndGlobalSection
EndGlobal
