<?xml version="1.0" encoding="utf-8"?>
<Project ToolsVersion="4.0" xmlns="http://schemas.microsoft.com/developer/msbuild/2003">
  <ItemGroup>
    <Filter Include="Source Files">
      <UniqueIdentifier>{4FC737F1-C7A5-4376-A066-2A32D752A2FF}</UniqueIdentifier>
      <Extensions>cpp;c;cc;cxx;def;odl;idl;hpj;bat;asm;asmx</Extensions>
    </Filter>
    <Filter Include="Header Files">
      <UniqueIdentifier>{93995380-89BD-4b04-88EB-625FBE52EBFB}</UniqueIdentifier>
      <Extensions>h;hh;hpp;hxx;hm;inl;inc;xsd</Extensions>
    </Filter>
    <Filter Include="Resource Files">
      <UniqueIdentifier>{67DA6AB6-F800-4c08-8B7A-83BB121AAD01}</UniqueIdentifier>
      <Extensions>rc;ico;cur;bmp;dlg;rc2;rct;bin;rgs;gif;jpg;jpeg;jpe;resx;tiff;tif;png;wav;mfcribbon-ms</Extensions>
    </Filter>
  </ItemGroup>
  <ItemGroup>
    <ClInclude Include="Source\CIDESectionEntry_2DFX_Unknown1.h">
      <Filter>Header Files</Filter>
    </ClInclude>
    <ClInclude Include="Source\CIDESectionEntry_ANIM.h">
      <Filter>Header Files</Filter>
    </ClInclude>
    <ClInclude Include="Source\CIDESectionEntry_CARS.h">
      <Filter>Header Files</Filter>
    </ClInclude>
    <ClInclude Include="Source\CIDESectionEntry_HAND.h">
      <Filter>Header Files</Filter>
    </ClInclude>
    <ClInclude Include="Source\CIDESectionEntry_HIER.h">
      <Filter>Header Files</Filter>
    </ClInclude>
    <ClInclude Include="Source\CIDESectionEntry_OBJS.h">
      <Filter>Header Files</Filter>
    </ClInclude>
    <ClInclude Include="Source\CIDESectionEntry_PATH.h">
      <Filter>Header Files</Filter>
    </ClInclude>
    <ClInclude Include="Source\CIDESectionEntry_PEDS.h">
      <Filter>Header Files</Filter>
    </ClInclude>
    <ClInclude Include="Source\CIDESectionEntry_TOBJ.h">
      <Filter>Header Files</Filter>
    </ClInclude>
    <ClInclude Include="Source\CIDESectionEntry_TXDP.h">
      <Filter>Header Files</Filter>
    </ClInclude>
    <ClInclude Include="Source\CIDESectionEntry_WEAP.h">
      <Filter>Header Files</Filter>
    </ClInclude>
    <ClInclude Include="Source\eIDEFileSection.h">
      <Filter>Header Files</Filter>
    </ClInclude>
    <ClInclude Include="Source\CIDEFile.h">
      <Filter>Header Files</Filter>
    </ClInclude>
    <ClInclude Include="Source\CIDEManager.h">
      <Filter>Header Files</Filter>
    </ClInclude>
    <ClInclude Include="Source\CIDESectionEntry.h">
      <Filter>Header Files</Filter>
    </ClInclude>
    <ClInclude Include="Source\CIDESectionEntry_2DFX_Lights.h">
      <Filter>Header Files</Filter>
    </ClInclude>
    <ClInclude Include="Source\CIDESectionEntry_2DFX_Particles.h">
      <Filter>Header Files</Filter>
    </ClInclude>
    <ClInclude Include="Source\CIDESectionEntry_2DFX_Peds.h">
      <Filter>Header Files</Filter>
    </ClInclude>
    <ClInclude Include="Source\CIDESectionEntry_2DFX_SunReflections.h">
      <Filter>Header Files</Filter>
    </ClInclude>
  </ItemGroup>
  <ItemGroup>
    <ClCompile Include="Source\CIDEManager.cpp">
      <Filter>Source Files</Filter>
    </ClCompile>
    <ClCompile Include="Source\CIDEFile.cpp">
      <Filter>Source Files</Filter>
    </ClCompile>
  </ItemGroup>
</Project>